PODS:
  - Alamofire (4.9.1)
  - AlamofireImage (3.6.0):
    - Alamofire (~> 4.9)
  - Amplitude-iOS (4.0.4)
  - Crashlytics (3.14.0):
    - Fabric (~> 1.10.2)
  - DatingKit (2.1.1):
    - Alamofire
    - AlamofireImage
    - Disk
    - FBSDKLoginKit
    - PromiseKit
    - ReachabilitySwift
    - RealmSwift (~> 3.19.0)
    - RevealingTableViewCell
  - Disk (0.6.4)
  - Fabric (1.10.2)
  - FBSDKCoreKit (5.12.0):
    - FBSDKCoreKit/Basics (= 5.12.0)
    - FBSDKCoreKit/Core (= 5.12.0)
  - FBSDKCoreKit/Basics (5.12.0)
  - FBSDKCoreKit/Core (5.12.0):
    - FBSDKCoreKit/Basics
  - FBSDKLoginKit (5.11.1):
    - FBSDKLoginKit/Login (= 5.11.1)
  - FBSDKLoginKit/Login (5.11.1):
    - FBSDKCoreKit (~> 5.0)
  - Firebase/Analytics (6.13.0):
    - Firebase/Core
  - Firebase/Core (6.13.0):
    - Firebase/CoreOnly
    - FirebaseAnalytics (= 6.1.6)
  - Firebase/CoreOnly (6.13.0):
    - FirebaseCore (= 6.4.0)
  - Firebase/Messaging (6.13.0):
    - Firebase/CoreOnly
    - FirebaseMessaging (~> 4.1.9)
  - FirebaseAnalytics (6.1.6):
    - FirebaseCore (~> 6.4)
    - FirebaseInstanceID (~> 4.2)
    - GoogleAppMeasurement (= 6.1.6)
    - GoogleUtilities/AppDelegateSwizzler (~> 6.0)
    - GoogleUtilities/MethodSwizzler (~> 6.0)
    - GoogleUtilities/Network (~> 6.0)
    - "GoogleUtilities/NSData+zlib (~> 6.0)"
    - nanopb (= 0.3.9011)
  - FirebaseAnalyticsInterop (1.4.0)
  - FirebaseCore (6.4.0):
    - FirebaseCoreDiagnostics (~> 1.0)
    - FirebaseCoreDiagnosticsInterop (~> 1.0)
    - GoogleUtilities/Environment (~> 6.2)
    - GoogleUtilities/Logger (~> 6.2)
  - FirebaseCoreDiagnostics (1.1.2):
    - FirebaseCoreDiagnosticsInterop (~> 1.0)
    - GoogleDataTransportCCTSupport (~> 1.0)
    - GoogleUtilities/Environment (~> 6.2)
    - GoogleUtilities/Logger (~> 6.2)
    - nanopb (~> 0.3.901)
  - FirebaseCoreDiagnosticsInterop (1.1.0)
  - FirebaseInstanceID (4.2.7):
    - FirebaseCore (~> 6.0)
    - GoogleUtilities/Environment (~> 6.0)
    - GoogleUtilities/UserDefaults (~> 6.0)
  - FirebaseMessaging (4.1.9):
    - FirebaseAnalyticsInterop (~> 1.3)
    - FirebaseCore (~> 6.2)
    - FirebaseInstanceID (~> 4.1)
    - GoogleUtilities/AppDelegateSwizzler (~> 6.2)
    - GoogleUtilities/Environment (~> 6.2)
    - GoogleUtilities/Reachability (~> 6.2)
    - GoogleUtilities/UserDefaults (~> 6.2)
    - Protobuf (>= 3.9.2, ~> 3.9)
  - GoogleAppMeasurement (6.1.6):
    - GoogleUtilities/AppDelegateSwizzler (~> 6.0)
    - GoogleUtilities/MethodSwizzler (~> 6.0)
    - GoogleUtilities/Network (~> 6.0)
    - "GoogleUtilities/NSData+zlib (~> 6.0)"
    - nanopb (= 0.3.9011)
  - GoogleDataTransport (3.2.0)
  - GoogleDataTransportCCTSupport (1.2.2):
    - GoogleDataTransport (~> 3.2)
    - nanopb (~> 0.3.901)
  - GoogleUtilities/AppDelegateSwizzler (6.3.2):
    - GoogleUtilities/Environment
    - GoogleUtilities/Logger
    - GoogleUtilities/Network
  - GoogleUtilities/Environment (6.3.2)
  - GoogleUtilities/Logger (6.3.2):
    - GoogleUtilities/Environment
  - GoogleUtilities/MethodSwizzler (6.3.2):
    - GoogleUtilities/Logger
  - GoogleUtilities/Network (6.3.2):
    - GoogleUtilities/Logger
    - "GoogleUtilities/NSData+zlib"
    - GoogleUtilities/Reachability
  - "GoogleUtilities/NSData+zlib (6.3.2)"
  - GoogleUtilities/Reachability (6.3.2):
    - GoogleUtilities/Logger
  - GoogleUtilities/UserDefaults (6.3.2):
    - GoogleUtilities/Logger
  - lottie-ios (3.1.5)
  - MarqueeLabel (4.0.0)
  - nanopb (0.3.9011):
    - nanopb/decode (= 0.3.9011)
    - nanopb/encode (= 0.3.9011)
  - nanopb/decode (0.3.9011)
  - nanopb/encode (0.3.9011)
  - NextGrowingTextView (1.5.0)
  - NotificationBannerSwift (3.0.2):
    - MarqueeLabel (~> 4.0.0)
    - SnapKit (~> 5.0.0)
  - PromiseKit (6.12.0):
    - PromiseKit/CorePromise (= 6.12.0)
    - PromiseKit/Foundation (= 6.12.0)
    - PromiseKit/UIKit (= 6.12.0)
  - PromiseKit/CorePromise (6.12.0)
  - PromiseKit/Foundation (6.12.0):
    - PromiseKit/CorePromise
  - PromiseKit/UIKit (6.12.0):
    - PromiseKit/CorePromise
  - Protobuf (3.11.1)
  - ReachabilitySwift (5.0.0)
  - Realm (3.19.1):
    - Realm/Headers (= 3.19.1)
  - Realm/Headers (3.19.1)
  - RealmSwift (3.19.1):
    - Realm (= 3.19.1)
  - RevealingTableViewCell (1.0.9)
  - ReverseExtension (0.5.0)
  - SDWebImage (5.2.5):
    - SDWebImage/Core (= 5.2.5)
  - SDWebImage/Core (5.2.5)
  - SnapKit (5.0.1)
  - SwiftyStoreKit (0.15.0)
  - TKImageShowing (1.1.0):
    - SDWebImage (~> 5.2.3)

DEPENDENCIES:
  - AlamofireImage (~> 3.5)
  - Amplitude-iOS (~> 4.0.4)
  - Crashlytics (~> 3.14.0)
  - DatingKit (from `https://github.com/alexdelarge05/DatingKit.git`)
  - Fabric (~> 1.10.2)
  - Firebase/Analytics
  - Firebase/Messaging
  - lottie-ios
  - NextGrowingTextView
  - NotificationBannerSwift
  - RevealingTableViewCell
  - ReverseExtension (from `https://github.com/alexdelarge05/ReverseExtension.git`, commit `f46463468b608c9189846c374863cdeb03f15bb4`)
  - SwiftyStoreKit
  - TKImageShowing

SPEC REPOS:
  trunk:
    - Alamofire
    - AlamofireImage
    - Amplitude-iOS
    - Crashlytics
    - Disk
    - Fabric
    - FBSDKCoreKit
    - FBSDKLoginKit
    - Firebase
    - FirebaseAnalytics
    - FirebaseAnalyticsInterop
    - FirebaseCore
    - FirebaseCoreDiagnostics
    - FirebaseCoreDiagnosticsInterop
    - FirebaseInstanceID
    - FirebaseMessaging
    - GoogleAppMeasurement
    - GoogleDataTransport
    - GoogleDataTransportCCTSupport
    - GoogleUtilities
    - lottie-ios
    - MarqueeLabel
    - nanopb
    - NextGrowingTextView
    - NotificationBannerSwift
    - PromiseKit
    - Protobuf
    - ReachabilitySwift
    - Realm
    - RealmSwift
    - RevealingTableViewCell
    - SDWebImage
    - SnapKit
    - SwiftyStoreKit
    - TKImageShowing

EXTERNAL SOURCES:
  DatingKit:
    :git: https://github.com/alexdelarge05/DatingKit.git
  ReverseExtension:
    :commit: f46463468b608c9189846c374863cdeb03f15bb4
    :git: https://github.com/alexdelarge05/ReverseExtension.git

CHECKOUT OPTIONS:
  DatingKit:
    :commit: c7ed4bdd14566705bccd476be5fbd5d35c72b112
    :git: https://github.com/alexdelarge05/DatingKit.git
  ReverseExtension:
    :commit: f46463468b608c9189846c374863cdeb03f15bb4
    :git: https://github.com/alexdelarge05/ReverseExtension.git

SPEC CHECKSUMS:
  Alamofire: 85e8a02c69d6020a0d734f6054870d7ecb75cf18
  AlamofireImage: be9963c6582d68b39e89191f64c82a7d7bf40fdd
  Amplitude-iOS: 2ad4d7270c99186236c1272a3a9425463b1ae1a7
  Crashlytics: 540b7e5f5da5a042647227a5e3ac51d85eed06df
  DatingKit: ddfc78d8da8738f4dfa7c6ed48dfe7f3b14ec31d
  Disk: dcee5c2e98fb72f9a924cde8da8435b08244a80e
  Fabric: 706c8b8098fff96c33c0db69cbf81f9c551d0d74
  FBSDKCoreKit: fa3ac4dc9b1afc9ae70b3de4dd704d1b6aeeed0d
  FBSDKLoginKit: 0e4572e0279e477103b57978e3ea05fac1dd673d
  Firebase: 458d109512200d1aca2e1b9b6cf7d68a869a4a46
  FirebaseAnalytics: 45f36d9c429fc91d206283900ab75390cd05ee8a
  FirebaseAnalyticsInterop: d48b6ab67bcf016a05e55b71fc39c61c0cb6b7f3
  FirebaseCore: 307ea2508df730c5865334e41965bd9ea344b0e5
  FirebaseCoreDiagnostics: 511f4f3ed7d440bb69127e8b97c2bc8befae639e
  FirebaseCoreDiagnosticsInterop: e9b1b023157e3a2fc6418b5cb601e79b9af7b3a0
  FirebaseInstanceID: ebd2ea79ee38db0cb5f5167b17a0d387e1cc7b6e
  FirebaseMessaging: e8d71368a5c579083da02203146c953f3386d503
  GoogleAppMeasurement: dfe55efa543e899d906309eaaac6ca26d249862f
  GoogleDataTransport: 8e9b210c97d55fbff306cc5468ff91b9cb32dcf5
  GoogleDataTransportCCTSupport: ef79a4728b864946a8aafdbab770d5294faf3b5f
  GoogleUtilities: 547a86735c6f0ee30ad17e94df4fc21f616b71cb
  lottie-ios: 32bf84389337d86fbc8b12266e88452e0abf1dee
  MarqueeLabel: b55b26e690b6ad41faedd95cbf5eae6f1d1735b4
  nanopb: 18003b5e52dab79db540fe93fe9579f399bd1ccd
  NextGrowingTextView: 0e267e80bc203e813dc637fd1b011111ad572d57
  NotificationBannerSwift: 713e20f21b6105f4a36a00e5d9fa414a930d3d8e
  PromiseKit: c06835ba442ce5454ce3cdde470232804a6e4ff8
  Protobuf: 20d79da7f20b5928b80043b05080b816e802659e
  ReachabilitySwift: 985039c6f7b23a1da463388634119492ff86c825
  Realm: fb377747e694c7deb62d402400454134fe321bee
  RealmSwift: 1302b0ab60f3105a2b214a735eeb0938607cf16b
  RevealingTableViewCell: f3bff8ab2fa5dd108a7a277bbc54a18a52aa1c06
  ReverseExtension: e658309467ab80870648e32069d14b2ff4a09863
  SDWebImage: 4eabf2fa6695c95c47724214417a9c036c965e4a
  SnapKit: 97b92857e3df3a0c71833cce143274bf6ef8e5eb
  SwiftyStoreKit: 033d06b6f87955405d3f844a18a7687c2438592a
  TKImageShowing: 771d31183fd6533509421d2d137d4a59e771fc9e

PODFILE CHECKSUM: 97caa06098ae083437a523682393482336657c66

COCOAPODS: 1.8.4
